
Microsoft Visual Studio Solution File, Format Version 12.00
# Visual Studio 15
VisualStudioVersion = 15.0.28307.421
MinimumVisualStudioVersion = 10.0.40219.1
Project("{FAE04EC0-301F-11D3-BF4B-00C04F79EFBC}") = "Generics", "Generics\Generics.csproj", "{857E6B30-B01A-46F3-83E2-3239A0E992A2}"
EndProject
Global
	GlobalSection(SolutionConfigurationPlatforms) = preSolution
		Debug|Any CPU = Debug|Any CPU
		Release|Any CPU = Release|Any CPU
	EndGlobalSection
	GlobalSection(ProjectConfigurationPlatforms) = postSolution
		{857E6B30-B01A-46F3-83E2-3239A0E992A2}.Debug|Any CPU.ActiveCfg = Debug|Any CPU
		{857E6B30-B01A-46F3-83E2-3239A0E992A2}.Debug|Any CPU.Build.0 = Debug|Any CPU
		{857E6B30-B01A-46F3-83E2-3239A0E992A2}.Release|Any CPU.ActiveCfg = Release|Any CPU
		{857E6B30-B01A-46F3-83E2-3239A0E992A2}.Release|Any CPU.Build.0 = Release|Any CPU
	EndGlobalSection
	GlobalSection(SolutionProperties) = preSolution
		HideSolutionNode = FALSE
	EndGlobalSection
	GlobalSection(ExtensibilityGlobals) = postSolution
		SolutionGuid = {FAFE0B4D-7023-42AB-A540-6AD36A2C0A93}
	EndGlobalSection
EndGlobal
